
Microsoft Visual Studio Solution File, Format Version 12.00
# Visual Studio 15
Project("{FAE04EC0-301F-11D3-BF4B-00C04F79EFBC}") = "LockStepProject", "LockStepProject.csproj", "{5D285414-0C74-7F96-39BD-65BDC30EACED}"
EndProject
Project("{FAE04EC0-301F-11D3-BF4B-00C04F79EFBC}") = "LockStepProject.Editor", "LockStepProject.Editor.csproj", "{B28E28D9-7F74-9C09-D458-5536D4DC1417}"
EndProject
Global
	GlobalSection(SolutionConfigurationPlatforms) = preSolution
		Debug|Any CPU = Debug|Any CPU
		Release|Any CPU = Release|Any CPU
	EndGlobalSection
	GlobalSection(ProjectConfigurationPlatforms) = postSolution
		{5D285414-0C74-7F96-39BD-65BDC30EACED}.Debug|Any CPU.ActiveCfg = Debug|Any CPU
		{5D285414-0C74-7F96-39BD-65BDC30EACED}.Debug|Any CPU.Build.0 = Debug|Any CPU
		{5D285414-0C74-7F96-39BD-65BDC30EACED}.Release|Any CPU.ActiveCfg = Release|Any CPU
		{5D285414-0C74-7F96-39BD-65BDC30EACED}.Release|Any CPU.Build.0 = Release|Any CPU
		{B28E28D9-7F74-9C09-D458-5536D4DC1417}.Debug|Any CPU.ActiveCfg = Debug|Any CPU
		{B28E28D9-7F74-9C09-D458-5536D4DC1417}.Debug|Any CPU.Build.0 = Debug|Any CPU
		{B28E28D9-7F74-9C09-D458-5536D4DC1417}.Release|Any CPU.ActiveCfg = Release|Any CPU
		{B28E28D9-7F74-9C09-D458-5536D4DC1417}.Release|Any CPU.Build.0 = Release|Any CPU
	EndGlobalSection
	GlobalSection(SolutionProperties) = preSolution
		HideSolutionNode = FALSE
	EndGlobalSection
EndGlobal
